
Microsoft Visual Studio Solution File, Format Version 12.00
# Visual Studio Version 17
VisualStudioVersion = 17.9.34728.123
MinimumVisualStudioVersion = 10.0.40219.1
Project("{FAE04EC0-301F-11D3-BF4B-00C04F79EFBC}") = "virtual pet", "virtual pet\virtual pet.csproj", "{0B4746F4-D335-4415-BCE2-B42554736827}"
EndProject
Global
	GlobalSection(SolutionConfigurationPlatforms) = preSolution
		Debug|Any CPU = Debug|Any CPU
		Release|Any CPU = Release|Any CPU
	EndGlobalSection
	GlobalSection(ProjectConfigurationPlatforms) = postSolution
		{0B4746F4-D335-4415-BCE2-B42554736827}.Debug|Any CPU.ActiveCfg = Debug|Any CPU
		{0B4746F4-D335-4415-BCE2-B42554736827}.Debug|Any CPU.Build.0 = Debug|Any CPU
		{0B4746F4-D335-4415-BCE2-B42554736827}.Release|Any CPU.ActiveCfg = Release|Any CPU
		{0B4746F4-D335-4415-BCE2-B42554736827}.Release|Any CPU.Build.0 = Release|Any CPU
	EndGlobalSection
	GlobalSection(SolutionProperties) = preSolution
		HideSolutionNode = FALSE
	EndGlobalSection
	GlobalSection(ExtensibilityGlobals) = postSolution
		SolutionGuid = {BB66F413-DCAC-4E00-A987-6C989F382A95}
	EndGlobalSection
EndGlobal
